
Microsoft Visual Studio Solution File, Format Version 12.00
# Visual Studio Version 16
VisualStudioVersion = 16.6.30114.105
MinimumVisualStudioVersion = 10.0.40219.1
Project("{FAE04EC0-301F-11D3-BF4B-00C04F79EFBC}") = "API", "API\API.csproj", "{C332395A-CD2B-4712-B4C4-947B70E5889B}"
EndProject
Project("{FAE04EC0-301F-11D3-BF4B-00C04F79EFBC}") = "Domain", "Domain\Domain.csproj", "{0C9A3F4D-3745-4A59-A9F5-265A3F84DB75}"
EndProject
Project("{FAE04EC0-301F-11D3-BF4B-00C04F79EFBC}") = "Application", "Application\Application.csproj", "{02AF437A-B569-4F24-B240-72255F36EEFD}"
EndProject
Project("{FAE04EC0-301F-11D3-BF4B-00C04F79EFBC}") = "Persistence", "Persistence\Persistence.csproj", "{3BEFD258-A78F-47A4-ACD7-B9B83E31F393}"
EndProject
Project("{FAE04EC0-301F-11D3-BF4B-00C04F79EFBC}") = "Infrastructure", "Infrastructure\Infrastructure.csproj", "{07C08C41-701F-4E13-820E-D5ECE96A494A}"
EndProject
Global
	GlobalSection(SolutionConfigurationPlatforms) = preSolution
		Debug|Any CPU = Debug|Any CPU
		Debug|x64 = Debug|x64
		Debug|x86 = Debug|x86
		Release|Any CPU = Release|Any CPU
		Release|x64 = Release|x64
		Release|x86 = Release|x86
	EndGlobalSection
	GlobalSection(SolutionProperties) = preSolution
		HideSolutionNode = FALSE
	EndGlobalSection
	GlobalSection(ProjectConfigurationPlatforms) = postSolution
		{C332395A-CD2B-4712-B4C4-947B70E5889B}.Debug|Any CPU.ActiveCfg = Debug|Any CPU
		{C332395A-CD2B-4712-B4C4-947B70E5889B}.Debug|Any CPU.Build.0 = Debug|Any CPU
		{C332395A-CD2B-4712-B4C4-947B70E5889B}.Debug|x64.ActiveCfg = Debug|Any CPU
		{C332395A-CD2B-4712-B4C4-947B70E5889B}.Debug|x64.Build.0 = Debug|Any CPU
		{C332395A-CD2B-4712-B4C4-947B70E5889B}.Debug|x86.ActiveCfg = Debug|Any CPU
		{C332395A-CD2B-4712-B4C4-947B70E5889B}.Debug|x86.Build.0 = Debug|Any CPU
		{C332395A-CD2B-4712-B4C4-947B70E5889B}.Release|Any CPU.ActiveCfg = Release|Any CPU
		{C332395A-CD2B-4712-B4C4-947B70E5889B}.Release|Any CPU.Build.0 = Release|Any CPU
		{C332395A-CD2B-4712-B4C4-947B70E5889B}.Release|x64.ActiveCfg = Release|Any CPU
		{C332395A-CD2B-4712-B4C4-947B70E5889B}.Release|x64.Build.0 = Release|Any CPU
		{C332395A-CD2B-4712-B4C4-947B70E5889B}.Release|x86.ActiveCfg = Release|Any CPU
		{C332395A-CD2B-4712-B4C4-947B70E5889B}.Release|x86.Build.0 = Release|Any CPU
		{0C9A3F4D-3745-4A59-A9F5-265A3F84DB75}.Debug|Any CPU.ActiveCfg = Debug|Any CPU
		{0C9A3F4D-3745-4A59-A9F5-265A3F84DB75}.Debug|Any CPU.Build.0 = Debug|Any CPU
		{0C9A3F4D-3745-4A59-A9F5-265A3F84DB75}.Debug|x64.ActiveCfg = Debug|Any CPU
		{0C9A3F4D-3745-4A59-A9F5-265A3F84DB75}.Debug|x64.Build.0 = Debug|Any CPU
		{0C9A3F4D-3745-4A59-A9F5-265A3F84DB75}.Debug|x86.ActiveCfg = Debug|Any CPU
		{0C9A3F4D-3745-4A59-A9F5-265A3F84DB75}.Debug|x86.Build.0 = Debug|Any CPU
		{0C9A3F4D-3745-4A59-A9F5-265A3F84DB75}.Release|Any CPU.ActiveCfg = Release|Any CPU
		{0C9A3F4D-3745-4A59-A9F5-265A3F84DB75}.Release|Any CPU.Build.0 = Release|Any CPU
		{0C9A3F4D-3745-4A59-A9F5-265A3F84DB75}.Release|x64.ActiveCfg = Release|Any CPU
		{0C9A3F4D-3745-4A59-A9F5-265A3F84DB75}.Release|x64.Build.0 = Release|Any CPU
		{0C9A3F4D-3745-4A59-A9F5-265A3F84DB75}.Release|x86.ActiveCfg = Release|Any CPU
		{0C9A3F4D-3745-4A59-A9F5-265A3F84DB75}.Release|x86.Build.0 = Release|Any CPU
		{02AF437A-B569-4F24-B240-72255F36EEFD}.Debug|Any CPU.ActiveCfg = Debug|Any CPU
		{02AF437A-B569-4F24-B240-72255F36EEFD}.Debug|Any CPU.Build.0 = Debug|Any CPU
		{02AF437A-B569-4F24-B240-72255F36EEFD}.Debug|x64.ActiveCfg = Debug|Any CPU
		{02AF437A-B569-4F24-B240-72255F36EEFD}.Debug|x64.Build.0 = Debug|Any CPU
		{02AF437A-B569-4F24-B240-72255F36EEFD}.Debug|x86.ActiveCfg = Debug|Any CPU
		{02AF437A-B569-4F24-B240-72255F36EEFD}.Debug|x86.Build.0 = Debug|Any CPU
		{02AF437A-B569-4F24-B240-72255F36EEFD}.Release|Any CPU.ActiveCfg = Release|Any CPU
		{02AF437A-B569-4F24-B240-72255F36EEFD}.Release|Any CPU.Build.0 = Release|Any CPU
		{02AF437A-B569-4F24-B240-72255F36EEFD}.Release|x64.ActiveCfg = Release|Any CPU
		{02AF437A-B569-4F24-B240-72255F36EEFD}.Release|x64.Build.0 = Release|Any CPU
		{02AF437A-B569-4F24-B240-72255F36EEFD}.Release|x86.ActiveCfg = Release|Any CPU
		{02AF437A-B569-4F24-B240-72255F36EEFD}.Release|x86.Build.0 = Release|Any CPU
		{3BEFD258-A78F-47A4-ACD7-B9B83E31F393}.Debug|Any CPU.ActiveCfg = Debug|Any CPU
		{3BEFD258-A78F-47A4-ACD7-B9B83E31F393}.Debug|Any CPU.Build.0 = Debug|Any CPU
		{3BEFD258-A78F-47A4-ACD7-B9B83E31F393}.Debug|x64.ActiveCfg = Debug|Any CPU
		{3BEFD258-A78F-47A4-ACD7-B9B83E31F393}.Debug|x64.Build.0 = Debug|Any CPU
		{3BEFD258-A78F-47A4-ACD7-B9B83E31F393}.Debug|x86.ActiveCfg = Debug|Any CPU
		{3BEFD258-A78F-47A4-ACD7-B9B83E31F393}.Debug|x86.Build.0 = Debug|Any CPU
		{3BEFD258-A78F-47A4-ACD7-B9B83E31F393}.Release|Any CPU.ActiveCfg = Release|Any CPU
		{3BEFD258-A78F-47A4-ACD7-B9B83E31F393}.Release|Any CPU.Build.0 = Release|Any CPU
		{3BEFD258-A78F-47A4-ACD7-B9B83E31F393}.Release|x64.ActiveCfg = Release|Any CPU
		{3BEFD258-A78F-47A4-ACD7-B9B83E31F393}.Release|x64.Build.0 = Release|Any CPU
		{3BEFD258-A78F-47A4-ACD7-B9B83E31F393}.Release|x86.ActiveCfg = Release|Any CPU
		{3BEFD258-A78F-47A4-ACD7-B9B83E31F393}.Release|x86.Build.0 = Release|Any CPU
		{07C08C41-701F-4E13-820E-D5ECE96A494A}.Debug|Any CPU.ActiveCfg = Debug|Any CPU
		{07C08C41-701F-4E13-820E-D5ECE96A494A}.Debug|Any CPU.Build.0 = Debug|Any CPU
		{07C08C41-701F-4E13-820E-D5ECE96A494A}.Debug|x64.ActiveCfg = Debug|Any CPU
		{07C08C41-701F-4E13-820E-D5ECE96A494A}.Debug|x64.Build.0 = Debug|Any CPU
		{07C08C41-701F-4E13-820E-D5ECE96A494A}.Debug|x86.ActiveCfg = Debug|Any CPU
		{07C08C41-701F-4E13-820E-D5ECE96A494A}.Debug|x86.Build.0 = Debug|Any CPU
		{07C08C41-701F-4E13-820E-D5ECE96A494A}.Release|Any CPU.ActiveCfg = Release|Any CPU
		{07C08C41-701F-4E13-820E-D5ECE96A494A}.Release|Any CPU.Build.0 = Release|Any CPU
		{07C08C41-701F-4E13-820E-D5ECE96A494A}.Release|x64.ActiveCfg = Release|Any CPU
		{07C08C41-701F-4E13-820E-D5ECE96A494A}.Release|x64.Build.0 = Release|Any CPU
		{07C08C41-701F-4E13-820E-D5ECE96A494A}.Release|x86.ActiveCfg = Release|Any CPU
		{07C08C41-701F-4E13-820E-D5ECE96A494A}.Release|x86.Build.0 = Release|Any CPU
	EndGlobalSection
EndGlobal
